{
  "name": "kanban2",
  "version": "1.0.0",
  "lockfileVersion": 3,
  "requires": true,
  "packages": {
    "": {
      "name": "kanban2",
      "version": "1.0.0",
      "license": "ISC",
      "dependencies": {
        "@rails/request.js": "^0.0.11",
        "@stimulus-components/sortable": "^5.0.2",
        "daisyui": "^5.0.6",
        "sortablejs": "^1.15.6"
      }
    },
    "node_modules/@hotwired/stimulus": {
      "version": "3.2.2",
      "resolved": "https://registry.npmjs.org/@hotwired/stimulus/-/stimulus-3.2.2.tgz",
      "integrity": "sha512-eGeIqNOQpXoPAIP7tC1+1Yc1yl1xnwYqg+3mzqxyrbE5pg5YFBZcA6YoTiByJB6DKAEsiWtl6tjTJS4IYtbB7A==",
      "license": "MIT",
      "peer": true
    },
    "node_modules/@rails/request.js": {
      "version": "0.0.11",
      "resolved": "https://registry.npmjs.org/@rails/request.js/-/request.js-0.0.11.tgz",
      "integrity": "sha512-2U3uYS0kbljt+pAstN+LIlZOl7xmOKig5N6FrvtUWO1wq0zR1Hf90fHfD2SYiyV8yH1nyKpoTmbLqWT0xe1zDg==",
      "license": "MIT"
    },
    "node_modules/@stimulus-components/sortable": {
      "version": "5.0.2",
      "resolved": "https://registry.npmjs.org/@stimulus-components/sortable/-/sortable-5.0.2.tgz",
      "integrity": "sha512-7A8W/sBEkwA1x+ZU/iYgf2FLLtHvpKLQR3c2FABpovYyVq+I7gFxnKkv/qnX4Fh24d0MyWj/krpGY1pPvCXEZw==",
      "license": "MIT",
      "peerDependencies": {
        "@hotwired/stimulus": "^3",
        "@rails/request.js": "~0.0.8",
        "sortablejs": "^1.15.0"
      }
    },
    "node_modules/daisyui": {
      "version": "5.0.6",
      "resolved": "https://registry.npmjs.org/daisyui/-/daisyui-5.0.6.tgz",
      "integrity": "sha512-/e/9Gw/2y9oawBJlWkJMSEhRXdmfOLvcPl+6q/x2rPEdIVOtebs1t3ex2vwySl9vCRs1GGNBKCiL+P60Ps/wUw==",
      "license": "MIT",
      "funding": {
        "url": "https://github.com/saadeghi/daisyui?sponsor=1"
      }
    },
    "node_modules/sortablejs": {
      "version": "1.15.6",
      "resolved": "https://registry.npmjs.org/sortablejs/-/sortablejs-1.15.6.tgz",
      "integrity": "sha512-aNfiuwMEpfBM/CN6LY0ibyhxPfPbyFeBTYJKCvzkJ2GkUpazIt3H+QIPAMHwqQ7tMKaHz1Qj+rJJCqljnf4p3A==",
      "license": "MIT"
    }
  }
}
